
Microsoft Visual Studio Solution File, Format Version 12.00
# Visual Studio Version 17
VisualStudioVersion = 17.11.35219.272
MinimumVisualStudioVersion = 10.0.40219.1
Project("{9A19103F-16F7-4668-BE54-9A1E7A4F7556}") = "FishApp", "FishApp\FishApp.csproj", "{74398224-2C41-47AF-9424-762D81F790F8}"
EndProject
Project("{9A19103F-16F7-4668-BE54-9A1E7A4F7556}") = "FishAppAPI", "FishAppAPI\FishAppAPI.csproj", "{35158E6D-7F35-4C61-9113-FA67D80969C4}"
EndProject
Project("{FAE04EC0-301F-11D3-BF4B-00C04F79EFBC}") = "FishAppAPI1", "FishAppAPI1\FishAppAPI1.csproj", "{AC33384D-EE54-4394-9503-EFB388D55AED}"
EndProject
Global
	GlobalSection(SolutionConfigurationPlatforms) = preSolution
		Debug|Any CPU = Debug|Any CPU
		Release|Any CPU = Release|Any CPU
	EndGlobalSection
	GlobalSection(ProjectConfigurationPlatforms) = postSolution
		{74398224-2C41-47AF-9424-762D81F790F8}.Debug|Any CPU.ActiveCfg = Debug|Any CPU
		{74398224-2C41-47AF-9424-762D81F790F8}.Debug|Any CPU.Build.0 = Debug|Any CPU
		{74398224-2C41-47AF-9424-762D81F790F8}.Release|Any CPU.ActiveCfg = Release|Any CPU
		{74398224-2C41-47AF-9424-762D81F790F8}.Release|Any CPU.Build.0 = Release|Any CPU
		{35158E6D-7F35-4C61-9113-FA67D80969C4}.Debug|Any CPU.ActiveCfg = Debug|Any CPU
		{35158E6D-7F35-4C61-9113-FA67D80969C4}.Debug|Any CPU.Build.0 = Debug|Any CPU
		{35158E6D-7F35-4C61-9113-FA67D80969C4}.Release|Any CPU.ActiveCfg = Release|Any CPU
		{35158E6D-7F35-4C61-9113-FA67D80969C4}.Release|Any CPU.Build.0 = Release|Any CPU
		{AC33384D-EE54-4394-9503-EFB388D55AED}.Debug|Any CPU.ActiveCfg = Debug|Any CPU
		{AC33384D-EE54-4394-9503-EFB388D55AED}.Debug|Any CPU.Build.0 = Debug|Any CPU
		{AC33384D-EE54-4394-9503-EFB388D55AED}.Release|Any CPU.ActiveCfg = Release|Any CPU
		{AC33384D-EE54-4394-9503-EFB388D55AED}.Release|Any CPU.Build.0 = Release|Any CPU
	EndGlobalSection
	GlobalSection(SolutionProperties) = preSolution
		HideSolutionNode = FALSE
	EndGlobalSection
	GlobalSection(ExtensibilityGlobals) = postSolution
		SolutionGuid = {1051E1B1-F425-4708-8D3D-F2EC865EC69D}
	EndGlobalSection
EndGlobal
